
Microsoft Visual Studio Solution File, Format Version 12.00
# Visual Studio Version 17
VisualStudioVersion = 17.3.32804.467
MinimumVisualStudioVersion = 10.0.40219.1
Project("{FAE04EC0-301F-11D3-BF4B-00C04F79EFBC}") = "TheDevBlog.API", "TheDevBlog.API\TheDevBlog.API.csproj", "{3E88256B-92CC-4B76-A5C8-81EECE0E4161}"
EndProject
Global
	GlobalSection(SolutionConfigurationPlatforms) = preSolution
		Debug|Any CPU = Debug|Any CPU
		Release|Any CPU = Release|Any CPU
	EndGlobalSection
	GlobalSection(ProjectConfigurationPlatforms) = postSolution
		{3E88256B-92CC-4B76-A5C8-81EECE0E4161}.Debug|Any CPU.ActiveCfg = Debug|Any CPU
		{3E88256B-92CC-4B76-A5C8-81EECE0E4161}.Debug|Any CPU.Build.0 = Debug|Any CPU
		{3E88256B-92CC-4B76-A5C8-81EECE0E4161}.Release|Any CPU.ActiveCfg = Release|Any CPU
		{3E88256B-92CC-4B76-A5C8-81EECE0E4161}.Release|Any CPU.Build.0 = Release|Any CPU
	EndGlobalSection
	GlobalSection(SolutionProperties) = preSolution
		HideSolutionNode = FALSE
	EndGlobalSection
	GlobalSection(ExtensibilityGlobals) = postSolution
		SolutionGuid = {A2F53302-62F9-4E0B-B017-F49C2EAB2253}
	EndGlobalSection
EndGlobal
